PODS:
  - Alamofire (5.5.0)
  - MetroIpoSdk (0.0.2):
    - Alamofire (~> 5.4)

DEPENDENCIES:
  - MetroIpoSdk

SPEC REPOS:
  trunk:
    - Alamofire
    - MetroIpoSdk

SPEC CHECKSUMS:
  Alamofire: 1c4fb5369c3fe93d2857c780d8bbe09f06f97e7c
  MetroIpoSdk: 13e899657f53cf5e0cae198589f0c441043d2b17

PODFILE CHECKSUM: a9702e01d9ad119af023e455d5268e0cb0416935

COCOAPODS: 1.11.2
