PODS:
  - Alamofire (5.6.4)
  - MetroIpoSdk (0.0.10):
    - Alamofire (~> 5.5)

DEPENDENCIES:
  - MetroIpoSdk

SPEC REPOS:
  trunk:
    - Alamofire
    - MetroIpoSdk

SPEC CHECKSUMS:
  Alamofire: 4e95d97098eacb88856099c4fc79b526a299e48c
  MetroIpoSdk: 8a2f78cdf19368302dc2be19088e50fce218c2db

PODFILE CHECKSUM: a9702e01d9ad119af023e455d5268e0cb0416935

COCOAPODS: 1.11.3
